<?xml version="1.0" encoding="utf-8"?>
<Project ToolsVersion="4.0" xmlns="http://schemas.microsoft.com/developer/msbuild/2003">
  <ItemGroup>
    <Filter Include="Source Files">
      <UniqueIdentifier>{4FC737F1-C7A5-4376-A066-2A32D752A2FF}</UniqueIdentifier>
      <Extensions>cpp;c;cc;cxx;c++;cppm;ixx;def;odl;idl;hpj;bat;asm;asmx</Extensions>
    </Filter>
    <Filter Include="Header Files">
      <UniqueIdentifier>{93995380-89BD-4b04-88EB-625FBE52EBFB}</UniqueIdentifier>
      <Extensions>h;hh;hpp;hxx;h++;hm;inl;inc;ipp;xsd</Extensions>
    </Filter>
    <Filter Include="Resource Files">
      <UniqueIdentifier>{67DA6AB6-F800-4c08-8B7A-83BB121AAD01}</UniqueIdentifier>
      <Extensions>rc;ico;cur;bmp;dlg;rc2;rct;bin;rgs;gif;jpg;jpeg;jpe;resx;tiff;tif;png;wav;mfcribbon-ms</Extensions>
    </Filter>
  </ItemGroup>
  <ItemGroup>
    <ClCompile Include="cache.c">
      <Filter>Source Files</Filter>
    </ClCompile>
    <ClCompile Include="core.c">
      <Filter>Source Files</Filter>
    </ClCompile>
    <ClCompile Include="pipline.c">
      <Filter>Source Files</Filter>
    </ClCompile>
    <ClCompile Include="bus.c">
      <Filter>Source Files</Filter>
    </ClCompile>
    <ClCompile Include="mainMemory.c">
      <Filter>Source Files</Filter>
    </ClCompile>
    <ClCompile Include="main.c">
      <Filter>Source Files</Filter>
    </ClCompile>
    <ClCompile Include="helper.c">
      <Filter>Source Files</Filter>
    </ClCompile>
  </ItemGroup>
  <ItemGroup>
    <ClInclude Include="cache.h">
      <Filter>Header Files</Filter>
    </ClInclude>
    <ClInclude Include="core.h">
      <Filter>Header Files</Filter>
    </ClInclude>
    <ClInclude Include="pipline.h">
      <Filter>Header Files</Filter>
    </ClInclude>
    <ClInclude Include="helper.h">
      <Filter>Header Files</Filter>
    </ClInclude>
    <ClInclude Include="mainMemory.h">
      <Filter>Header Files</Filter>
    </ClInclude>
  </ItemGroup>
  <ItemGroup>
    <Text Include="core0trace.txt">
      <Filter>Resource Files</Filter>
    </Text>
    <Text Include="core3trace.txt">
      <Filter>Resource Files</Filter>
    </Text>
    <Text Include="dsram0.txt">
      <Filter>Resource Files</Filter>
    </Text>
    <Text Include="dsram1.txt">
      <Filter>Resource Files</Filter>
    </Text>
    <Text Include="dsram2.txt">
      <Filter>Resource Files</Filter>
    </Text>
    <Text Include="dsram3.txt">
      <Filter>Resource Files</Filter>
    </Text>
    <Text Include="memout.txt">
      <Filter>Resource Files</Filter>
    </Text>
    <Text Include="regout0.txt">
      <Filter>Resource Files</Filter>
    </Text>
    <Text Include="regout1.txt">
      <Filter>Resource Files</Filter>
    </Text>
    <Text Include="regout2.txt">
      <Filter>Resource Files</Filter>
    </Text>
    <Text Include="regout3.txt">
      <Filter>Resource Files</Filter>
    </Text>
    <Text Include="stats0.txt">
      <Filter>Resource Files</Filter>
    </Text>
    <Text Include="stats1.txt">
      <Filter>Resource Files</Filter>
    </Text>
    <Text Include="stats2.txt">
      <Filter>Resource Files</Filter>
    </Text>
    <Text Include="stats3.txt">
      <Filter>Resource Files</Filter>
    </Text>
    <Text Include="tsram0.txt">
      <Filter>Resource Files</Filter>
    </Text>
    <Text Include="tsram1.txt">
      <Filter>Resource Files</Filter>
    </Text>
    <Text Include="tsram2.txt">
      <Filter>Resource Files</Filter>
    </Text>
    <Text Include="tsram3.txt">
      <Filter>Resource Files</Filter>
    </Text>
    <Text Include="bustrace.txt">
      <Filter>Resource Files</Filter>
    </Text>
    <Text Include="core1trace.txt">
      <Filter>Resource Files</Filter>
    </Text>
    <Text Include="core2trace.txt">
      <Filter>Resource Files</Filter>
    </Text>
    <Text Include="memin.txt">
      <Filter>Resource Files</Filter>
    </Text>
    <Text Include="imem1.txt">
      <Filter>Resource Files</Filter>
    </Text>
    <Text Include="imem2.txt">
      <Filter>Resource Files</Filter>
    </Text>
    <Text Include="imem0.txt">
      <Filter>Resource Files</Filter>
    </Text>
    <Text Include="imem3.txt">
      <Filter>Resource Files</Filter>
    </Text>
  </ItemGroup>
</Project>